
Microsoft Visual Studio Solution File, Format Version 12.00
# Visual Studio Version 17
VisualStudioVersion = 17.8.34316.72
MinimumVisualStudioVersion = 10.0.40219.1
Project("{9A19103F-16F7-4668-BE54-9A1E7A4F7556}") = "ProjectMediaPlayer", "ProjectMediaPlayer.csproj", "{CB060E0B-77FA-4445-8560-78D45D69633B}"
EndProject
Project("{54435603-DBB4-11D2-8724-00A0C9A8B90C}") = "MediaPlayerSetup", "..\MediaPlayerSetup\MediaPlayerSetup.vdproj", "{81A5995E-872A-49A5-BF17-9CFF0CA8C82C}"
EndProject
Global
	GlobalSection(SolutionConfigurationPlatforms) = preSolution
		Debug|Any CPU = Debug|Any CPU
		Release|Any CPU = Release|Any CPU
	EndGlobalSection
	GlobalSection(ProjectConfigurationPlatforms) = postSolution
		{CB060E0B-77FA-4445-8560-78D45D69633B}.Debug|Any CPU.ActiveCfg = Debug|Any CPU
		{CB060E0B-77FA-4445-8560-78D45D69633B}.Debug|Any CPU.Build.0 = Debug|Any CPU
		{CB060E0B-77FA-4445-8560-78D45D69633B}.Release|Any CPU.ActiveCfg = Release|Any CPU
		{CB060E0B-77FA-4445-8560-78D45D69633B}.Release|Any CPU.Build.0 = Release|Any CPU
		{81A5995E-872A-49A5-BF17-9CFF0CA8C82C}.Debug|Any CPU.ActiveCfg = Debug
		{81A5995E-872A-49A5-BF17-9CFF0CA8C82C}.Release|Any CPU.ActiveCfg = Release
	EndGlobalSection
	GlobalSection(SolutionProperties) = preSolution
		HideSolutionNode = FALSE
	EndGlobalSection
	GlobalSection(ExtensibilityGlobals) = postSolution
		SolutionGuid = {775BB074-E9B0-4ADB-BD6A-C03C4E0EF153}
	EndGlobalSection
EndGlobal
